// !$*UTF8*$!
{
	archiveVersion = 1;
	classes = {
	};
	objectVersion = 55;
	objects = {

/* Begin PBXBuildFile section */
		2AA7B2172819425C00FA1E83 /* TodoListApp.swift in Sources */ = {isa = PBXBuildFile; fileRef = 2AA7B2162819425C00FA1E83 /* TodoListApp.swift */; };
		2AA7B21B2819425E00FA1E83 /* Assets.xcassets in Resources */ = {isa = PBXBuildFile; fileRef = 2AA7B21A2819425E00FA1E83 /* Assets.xcassets */; };
		2AA7B21E2819425E00FA1E83 /* Preview Assets.xcassets in Resources */ = {isa = PBXBuildFile; fileRef = 2AA7B21D2819425E00FA1E83 /* Preview Assets.xcassets */; };
		2AA7B2282819425E00FA1E83 /* TodoListTests.swift in Sources */ = {isa = PBXBuildFile; fileRef = 2AA7B2272819425E00FA1E83 /* TodoListTests.swift */; };
		2AA7B2322819425E00FA1E83 /* TodoListUITests.swift in Sources */ = {isa = PBXBuildFile; fileRef = 2AA7B2312819425E00FA1E83 /* TodoListUITests.swift */; };
		2AA7B2342819425E00FA1E83 /* TodoListUITestsLaunchTests.swift in Sources */ = {isa = PBXBuildFile; fileRef = 2AA7B2332819425E00FA1E83 /* TodoListUITestsLaunchTests.swift */; };
		2AA7B244281942F500FA1E83 /* ItemModel.swift in Sources */ = {isa = PBXBuildFile; fileRef = 2AA7B243281942F500FA1E83 /* ItemModel.swift */; };
		2AA7B2462819435300FA1E83 /* ListViewModel.swift in Sources */ = {isa = PBXBuildFile; fileRef = 2AA7B2452819435300FA1E83 /* ListViewModel.swift */; };
		2AA7B248281943ED00FA1E83 /* ListView.swift in Sources */ = {isa = PBXBuildFile; fileRef = 2AA7B247281943ED00FA1E83 /* ListView.swift */; };
		2AA7B24A2819441A00FA1E83 /* ListRowView.swift in Sources */ = {isa = PBXBuildFile; fileRef = 2AA7B2492819441A00FA1E83 /* ListRowView.swift */; };
		2AA7B24C2819443300FA1E83 /* AddView.swift in Sources */ = {isa = PBXBuildFile; fileRef = 2AA7B24B2819443300FA1E83 /* AddView.swift */; };
		2AA7B24E2819495C00FA1E83 /* NoItemView.swift in Sources */ = {isa = PBXBuildFile; fileRef = 2AA7B24D2819495C00FA1E83 /* NoItemView.swift */; };
		2AA7B25028194C2000FA1E83 /* Launch Screen.storyboard in Resources */ = {isa = PBXBuildFile; fileRef = 2AA7B24F28194C2000FA1E83 /* Launch Screen.storyboard */; };
/* End PBXBuildFile section */

/* Begin PBXContainerItemProxy section */
		2AA7B2242819425E00FA1E83 /* PBXContainerItemProxy */ = {
			isa = PBXContainerItemProxy;
			containerPortal = 2AA7B20B2819425C00FA1E83 /* Project object */;
			proxyType = 1;
			remoteGlobalIDString = 2AA7B2122819425C00FA1E83;
			remoteInfo = TodoList;
		};
		2AA7B22E2819425E00FA1E83 /* PBXContainerItemProxy */ = {
			isa = PBXContainerItemProxy;
			containerPortal = 2AA7B20B2819425C00FA1E83 /* Project object */;
			proxyType = 1;
			remoteGlobalIDString = 2AA7B2122819425C00FA1E83;
			remoteInfo = TodoList;
		};
/* End PBXContainerItemProxy section */

/* Begin PBXFileReference section */
		2AA7B2132819425C00FA1E83 /* TodoList.app */ = {isa = PBXFileReference; explicitFileType = wrapper.application; includeInIndex = 0; path = TodoList.app; sourceTree = BUILT_PRODUCTS_DIR; };
		2AA7B2162819425C00FA1E83 /* TodoListApp.swift */ = {isa = PBXFileReference; lastKnownFileType = sourcecode.swift; path = TodoListApp.swift; sourceTree = "<group>"; };
		2AA7B21A2819425E00FA1E83 /* Assets.xcassets */ = {isa = PBXFileReference; lastKnownFileType = folder.assetcatalog; path = Assets.xcassets; sourceTree = "<group>"; };
		2AA7B21D2819425E00FA1E83 /* Preview Assets.xcassets */ = {isa = PBXFileReference; lastKnownFileType = folder.assetcatalog; path = "Preview Assets.xcassets"; sourceTree = "<group>"; };
		2AA7B2232819425E00FA1E83 /* TodoListTests.xctest */ = {isa = PBXFileReference; explicitFileType = wrapper.cfbundle; includeInIndex = 0; path = TodoListTests.xctest; sourceTree = BUILT_PRODUCTS_DIR; };
		2AA7B2272819425E00FA1E83 /* TodoListTests.swift */ = {isa = PBXFileReference; lastKnownFileType = sourcecode.swift; path = TodoListTests.swift; sourceTree = "<group>"; };
		2AA7B22D2819425E00FA1E83 /* TodoListUITests.xctest */ = {isa = PBXFileReference; explicitFileType = wrapper.cfbundle; includeInIndex = 0; path = TodoListUITests.xctest; sourceTree = BUILT_PRODUCTS_DIR; };
		2AA7B2312819425E00FA1E83 /* TodoListUITests.swift */ = {isa = PBXFileReference; lastKnownFileType = sourcecode.swift; path = TodoListUITests.swift; sourceTree = "<group>"; };
		2AA7B2332819425E00FA1E83 /* TodoListUITestsLaunchTests.swift */ = {isa = PBXFileReference; lastKnownFileType = sourcecode.swift; path = TodoListUITestsLaunchTests.swift; sourceTree = "<group>"; };
		2AA7B243281942F500FA1E83 /* ItemModel.swift */ = {isa = PBXFileReference; lastKnownFileType = sourcecode.swift; path = ItemModel.swift; sourceTree = "<group>"; };
		2AA7B2452819435300FA1E83 /* ListViewModel.swift */ = {isa = PBXFileReference; lastKnownFileType = sourcecode.swift; path = ListViewModel.swift; sourceTree = "<group>"; };
		2AA7B247281943ED00FA1E83 /* ListView.swift */ = {isa = PBXFileReference; lastKnownFileType = sourcecode.swift; path = ListView.swift; sourceTree = "<group>"; };
		2AA7B2492819441A00FA1E83 /* ListRowView.swift */ = {isa = PBXFileReference; lastKnownFileType = sourcecode.swift; path = ListRowView.swift; sourceTree = "<group>"; };
		2AA7B24B2819443300FA1E83 /* AddView.swift */ = {isa = PBXFileReference; lastKnownFileType = sourcecode.swift; path = AddView.swift; sourceTree = "<group>"; };
		2AA7B24D2819495C00FA1E83 /* NoItemView.swift */ = {isa = PBXFileReference; lastKnownFileType = sourcecode.swift; path = NoItemView.swift; sourceTree = "<group>"; };
		2AA7B24F28194C2000FA1E83 /* Launch Screen.storyboard */ = {isa = PBXFileReference; lastKnownFileType = file.storyboard; path = "Launch Screen.storyboard"; sourceTree = "<group>"; };
/* End PBXFileReference section */

/* Begin PBXFrameworksBuildPhase section */
		2AA7B2102819425C00FA1E83 /* Frameworks */ = {
			isa = PBXFrameworksBuildPhase;
			buildActionMask = 2147483647;
			files = (
			);
			runOnlyForDeploymentPostprocessing = 0;
		};
		2AA7B2202819425E00FA1E83 /* Frameworks */ = {
			isa = PBXFrameworksBuildPhase;
			buildActionMask = 2147483647;
			files = (
			);
			runOnlyForDeploymentPostprocessing = 0;
		};
		2AA7B22A2819425E00FA1E83 /* Frameworks */ = {
			isa = PBXFrameworksBuildPhase;
			buildActionMask = 2147483647;
			files = (
			);
			runOnlyForDeploymentPostprocessing = 0;
		};
/* End PBXFrameworksBuildPhase section */

/* Begin PBXGroup section */
		2AA7B20A2819425C00FA1E83 = {
			isa = PBXGroup;
			children = (
				2AA7B2152819425C00FA1E83 /* TodoList */,
				2AA7B2262819425E00FA1E83 /* TodoListTests */,
				2AA7B2302819425E00FA1E83 /* TodoListUITests */,
				2AA7B2142819425C00FA1E83 /* Products */,
			);
			sourceTree = "<group>";
		};
		2AA7B2142819425C00FA1E83 /* Products */ = {
			isa = PBXGroup;
			children = (
				2AA7B2132819425C00FA1E83 /* TodoList.app */,
				2AA7B2232819425E00FA1E83 /* TodoListTests.xctest */,
				2AA7B22D2819425E00FA1E83 /* TodoListUITests.xctest */,
			);
			name = Products;
			sourceTree = "<group>";
		};
		2AA7B2152819425C00FA1E83 /* TodoList */ = {
			isa = PBXGroup;
			children = (
				2AA7B240281942CB00FA1E83 /* Models */,
				2AA7B241281942CB00FA1E83 /* ViewModels */,
				2AA7B242281942CB00FA1E83 /* Views */,
				2AA7B2162819425C00FA1E83 /* TodoListApp.swift */,
				2AA7B24F28194C2000FA1E83 /* Launch Screen.storyboard */,
				2AA7B21A2819425E00FA1E83 /* Assets.xcassets */,
				2AA7B21C2819425E00FA1E83 /* Preview Content */,
			);
			path = TodoList;
			sourceTree = "<group>";
		};
		2AA7B21C2819425E00FA1E83 /* Preview Content */ = {
			isa = PBXGroup;
			children = (
				2AA7B21D2819425E00FA1E83 /* Preview Assets.xcassets */,
			);
			path = "Preview Content";
			sourceTree = "<group>";
		};
		2AA7B2262819425E00FA1E83 /* TodoListTests */ = {
			isa = PBXGroup;
			children = (
				2AA7B2272819425E00FA1E83 /* TodoListTests.swift */,
			);
			path = TodoListTests;
			sourceTree = "<group>";
		};
		2AA7B2302819425E00FA1E83 /* TodoListUITests */ = {
			isa = PBXGroup;
			children = (
				2AA7B2312819425E00FA1E83 /* TodoListUITests.swift */,
				2AA7B2332819425E00FA1E83 /* TodoListUITestsLaunchTests.swift */,
			);
			path = TodoListUITests;
			sourceTree = "<group>";
		};
		2AA7B240281942CB00FA1E83 /* Models */ = {
			isa = PBXGroup;
			children = (
				2AA7B243281942F500FA1E83 /* ItemModel.swift */,
			);
			path = Models;
			sourceTree = "<group>";
		};
		2AA7B241281942CB00FA1E83 /* ViewModels */ = {
			isa = PBXGroup;
			children = (
				2AA7B2452819435300FA1E83 /* ListViewModel.swift */,
			);
			path = ViewModels;
			sourceTree = "<group>";
		};
		2AA7B242281942CB00FA1E83 /* Views */ = {
			isa = PBXGroup;
			children = (
				2AA7B247281943ED00FA1E83 /* ListView.swift */,
				2AA7B2492819441A00FA1E83 /* ListRowView.swift */,
				2AA7B24B2819443300FA1E83 /* AddView.swift */,
				2AA7B24D2819495C00FA1E83 /* NoItemView.swift */,
			);
			path = Views;
			sourceTree = "<group>";
		};
/* End PBXGroup section */

/* Begin PBXNativeTarget section */
		2AA7B2122819425C00FA1E83 /* TodoList */ = {
			isa = PBXNativeTarget;
			buildConfigurationList = 2AA7B2372819425E00FA1E83 /* Build configuration list for PBXNativeTarget "TodoList" */;
			buildPhases = (
				2AA7B20F2819425C00FA1E83 /* Sources */,
				2AA7B2102819425C00FA1E83 /* Frameworks */,
				2AA7B2112819425C00FA1E83 /* Resources */,
			);
			buildRules = (
			);
			dependencies = (
			);
			name = TodoList;
			productName = TodoList;
			productReference = 2AA7B2132819425C00FA1E83 /* TodoList.app */;
			productType = "com.apple.product-type.application";
		};
		2AA7B2222819425E00FA1E83 /* TodoListTests */ = {
			isa = PBXNativeTarget;
			buildConfigurationList = 2AA7B23A2819425E00FA1E83 /* Build configuration list for PBXNativeTarget "TodoListTests" */;
			buildPhases = (
				2AA7B21F2819425E00FA1E83 /* Sources */,
				2AA7B2202819425E00FA1E83 /* Frameworks */,
				2AA7B2212819425E00FA1E83 /* Resources */,
			);
			buildRules = (
			);
			dependencies = (
				2AA7B2252819425E00FA1E83 /* PBXTargetDependency */,
			);
			name = TodoListTests;
			productName = TodoListTests;
			productReference = 2AA7B2232819425E00FA1E83 /* TodoListTests.xctest */;
			productType = "com.apple.product-type.bundle.unit-test";
		};
		2AA7B22C2819425E00FA1E83 /* TodoListUITests */ = {
			isa = PBXNativeTarget;
			buildConfigurationList = 2AA7B23D2819425E00FA1E83 /* Build configuration list for PBXNativeTarget "TodoListUITests" */;
			buildPhases = (
				2AA7B2292819425E00FA1E83 /* Sources */,
				2AA7B22A2819425E00FA1E83 /* Frameworks */,
				2AA7B22B2819425E00FA1E83 /* Resources */,
			);
			buildRules = (
			);
			dependencies = (
				2AA7B22F2819425E00FA1E83 /* PBXTargetDependency */,
			);
			name = TodoListUITests;
			productName = TodoListUITests;
			productReference = 2AA7B22D2819425E00FA1E83 /* TodoListUITests.xctest */;
			productType = "com.apple.product-type.bundle.ui-testing";
		};
/* End PBXNativeTarget section */

/* Begin PBXProject section */
		2AA7B20B2819425C00FA1E83 /* Project object */ = {
			isa = PBXProject;
			attributes = {
				BuildIndependentTargetsInParallel = 1;
				LastSwiftUpdateCheck = 1320;
				LastUpgradeCheck = 1320;
				TargetAttributes = {
					2AA7B2122819425C00FA1E83 = {
						CreatedOnToolsVersion = 13.2.1;
					};
					2AA7B2222819425E00FA1E83 = {
						CreatedOnToolsVersion = 13.2.1;
						TestTargetID = 2AA7B2122819425C00FA1E83;
					};
					2AA7B22C2819425E00FA1E83 = {
						CreatedOnToolsVersion = 13.2.1;
						TestTargetID = 2AA7B2122819425C00FA1E83;
					};
				};
			};
			buildConfigurationList = 2AA7B20E2819425C00FA1E83 /* Build configuration list for PBXProject "TodoList" */;
			compatibilityVersion = "Xcode 13.0";
			developmentRegion = en;
			hasScannedForEncodings = 0;
			knownRegions = (
				en,
				Base,
			);
			mainGroup = 2AA7B20A2819425C00FA1E83;
			productRefGroup = 2AA7B2142819425C00FA1E83 /* Products */;
			projectDirPath = "";
			projectRoot = "";
			targets = (
				2AA7B2122819425C00FA1E83 /* TodoList */,
				2AA7B2222819425E00FA1E83 /* TodoListTests */,
				2AA7B22C2819425E00FA1E83 /* TodoListUITests */,
			);
		};
/* End PBXProject section */

/* Begin PBXResourcesBuildPhase section */
		2AA7B2112819425C00FA1E83 /* Resources */ = {
			isa = PBXResourcesBuildPhase;
			buildActionMask = 2147483647;
			files = (
				2AA7B25028194C2000FA1E83 /* Launch Screen.storyboard in Resources */,
				2AA7B21E2819425E00FA1E83 /* Preview Assets.xcassets in Resources */,
				2AA7B21B2819425E00FA1E83 /* Assets.xcassets in Resources */,
			);
			runOnlyForDeploymentPostprocessing = 0;
		};
		2AA7B2212819425E00FA1E83 /* Resources */ = {
			isa = PBXResourcesBuildPhase;
			buildActionMask = 2147483647;
			files = (
			);
			runOnlyForDeploymentPostprocessing = 0;
		};
		2AA7B22B2819425E00FA1E83 /* Resources */ = {
			isa = PBXResourcesBuildPhase;
			buildActionMask = 2147483647;
			files = (
			);
			runOnlyForDeploymentPostprocessing = 0;
		};
/* End PBXResourcesBuildPhase section */

/* Begin PBXSourcesBuildPhase section */
		2AA7B20F2819425C00FA1E83 /* Sources */ = {
			isa = PBXSourcesBuildPhase;
			buildActionMask = 2147483647;
			files = (
				2AA7B24C2819443300FA1E83 /* AddView.swift in Sources */,
				2AA7B244281942F500FA1E83 /* ItemModel.swift in Sources */,
				2AA7B24E2819495C00FA1E83 /* NoItemView.swift in Sources */,
				2AA7B248281943ED00FA1E83 /* ListView.swift in Sources */,
				2AA7B2462819435300FA1E83 /* ListViewModel.swift in Sources */,
				2AA7B2172819425C00FA1E83 /* TodoListApp.swift in Sources */,
				2AA7B24A2819441A00FA1E83 /* ListRowView.swift in Sources */,
			);
			runOnlyForDeploymentPostprocessing = 0;
		};
		2AA7B21F2819425E00FA1E83 /* Sources */ = {
			isa = PBXSourcesBuildPhase;
			buildActionMask = 2147483647;
			files = (
				2AA7B2282819425E00FA1E83 /* TodoListTests.swift in Sources */,
			);
			runOnlyForDeploymentPostprocessing = 0;
		};
		2AA7B2292819425E00FA1E83 /* Sources */ = {
			isa = PBXSourcesBuildPhase;
			buildActionMask = 2147483647;
			files = (
				2AA7B2342819425E00FA1E83 /* TodoListUITestsLaunchTests.swift in Sources */,
				2AA7B2322819425E00FA1E83 /* TodoListUITests.swift in Sources */,
			);
			runOnlyForDeploymentPostprocessing = 0;
		};
/* End PBXSourcesBuildPhase section */

/* Begin PBXTargetDependency section */
		2AA7B2252819425E00FA1E83 /* PBXTargetDependency */ = {
			isa = PBXTargetDependency;
			target = 2AA7B2122819425C00FA1E83 /* TodoList */;
			targetProxy = 2AA7B2242819425E00FA1E83 /* PBXContainerItemProxy */;
		};
		2AA7B22F2819425E00FA1E83 /* PBXTargetDependency */ = {
			isa = PBXTargetDependency;
			target = 2AA7B2122819425C00FA1E83 /* TodoList */;
			targetProxy = 2AA7B22E2819425E00FA1E83 /* PBXContainerItemProxy */;
		};
/* End PBXTargetDependency section */

/* Begin XCBuildConfiguration section */
		2AA7B2352819425E00FA1E83 /* Debug */ = {
			isa = XCBuildConfiguration;
			buildSettings = {
				ALWAYS_SEARCH_USER_PATHS = NO;
				CLANG_ANALYZER_NONNULL = YES;
				CLANG_ANALYZER_NUMBER_OBJECT_CONVERSION = YES_AGGRESSIVE;
				CLANG_CXX_LANGUAGE_STANDARD = "gnu++17";
				CLANG_CXX_LIBRARY = "libc++";
				CLANG_ENABLE_MODULES = YES;
				CLANG_ENABLE_OBJC_ARC = YES;
				CLANG_ENABLE_OBJC_WEAK = YES;
				CLANG_WARN_BLOCK_CAPTURE_AUTORELEASING = YES;
				CLANG_WARN_BOOL_CONVERSION = YES;
				CLANG_WARN_COMMA = YES;
				CLANG_WARN_CONSTANT_CONVERSION = YES;
				CLANG_WARN_DEPRECATED_OBJC_IMPLEMENTATIONS = YES;
				CLANG_WARN_DIRECT_OBJC_ISA_USAGE = YES_ERROR;
				CLANG_WARN_DOCUMENTATION_COMMENTS = YES;
				CLANG_WARN_EMPTY_BODY = YES;
				CLANG_WARN_ENUM_CONVERSION = YES;
				CLANG_WARN_INFINITE_RECURSION = YES;
				CLANG_WARN_INT_CONVERSION = YES;
				CLANG_WARN_NON_LITERAL_NULL_CONVERSION = YES;
				CLANG_WARN_OBJC_IMPLICIT_RETAIN_SELF = YES;
				CLANG_WARN_OBJC_LITERAL_CONVERSION = YES;
				CLANG_WARN_OBJC_ROOT_CLASS = YES_ERROR;
				CLANG_WARN_QUOTED_INCLUDE_IN_FRAMEWORK_HEADER = YES;
				CLANG_WARN_RANGE_LOOP_ANALYSIS = YES;
				CLANG_WARN_STRICT_PROTOTYPES = YES;
				CLANG_WARN_SUSPICIOUS_MOVE = YES;
				CLANG_WARN_UNGUARDED_AVAILABILITY = YES_AGGRESSIVE;
				CLANG_WARN_UNREACHABLE_CODE = YES;
				CLANG_WARN__DUPLICATE_METHOD_MATCH = YES;
				COPY_PHASE_STRIP = NO;
				DEBUG_INFORMATION_FORMAT = dwarf;
				ENABLE_STRICT_OBJC_MSGSEND = YES;
				ENABLE_TESTABILITY = YES;
				GCC_C_LANGUAGE_STANDARD = gnu11;
				GCC_DYNAMIC_NO_PIC = NO;
				GCC_NO_COMMON_BLOCKS = YES;
				GCC_OPTIMIZATION_LEVEL = 0;
				GCC_PREPROCESSOR_DEFINITIONS = (
					"DEBUG=1",
					"$(inherited)",
				);
				GCC_WARN_64_TO_32_BIT_CONVERSION = YES;
				GCC_WARN_ABOUT_RETURN_TYPE = YES_ERROR;
				GCC_WARN_UNDECLARED_SELECTOR = YES;
				GCC_WARN_UNINITIALIZED_AUTOS = YES_AGGRESSIVE;
				GCC_WARN_UNUSED_FUNCTION = YES;
				GCC_WARN_UNUSED_VARIABLE = YES;
				IPHONEOS_DEPLOYMENT_TARGET = 14.0;
				MTL_ENABLE_DEBUG_INFO = INCLUDE_SOURCE;
				MTL_FAST_MATH = YES;
				ONLY_ACTIVE_ARCH = YES;
				SDKROOT = iphoneos;
				SWIFT_ACTIVE_COMPILATION_CONDITIONS = DEBUG;
				SWIFT_OPTIMIZATION_LEVEL = "-Onone";
			};
			name = Debug;
		};
		2AA7B2362819425E00FA1E83 /* Release */ = {
			isa = XCBuildConfiguration;
			buildSettings = {
				ALWAYS_SEARCH_USER_PATHS = NO;
				CLANG_ANALYZER_NONNULL = YES;
				CLANG_ANALYZER_NUMBER_OBJECT_CONVERSION = YES_AGGRESSIVE;
				CLANG_CXX_LANGUAGE_STANDARD = "gnu++17";
				CLANG_CXX_LIBRARY = "libc++";
				CLANG_ENABLE_MODULES = YES;
				CLANG_ENABLE_OBJC_ARC = YES;
				CLANG_ENABLE_OBJC_WEAK = YES;
				CLANG_WARN_BLOCK_CAPTURE_AUTORELEASING = YES;
				CLANG_WARN_BOOL_CONVERSION = YES;
				CLANG_WARN_COMMA = YES;
				CLANG_WARN_CONSTANT_CONVERSION = YES;
				CLANG_WARN_DEPRECATED_OBJC_IMPLEMENTATIONS = YES;
				CLANG_WARN_DIRECT_OBJC_ISA_USAGE = YES_ERROR;
				CLANG_WARN_DOCUMENTATION_COMMENTS = YES;
				CLANG_WARN_EMPTY_BODY = YES;
				CLANG_WARN_ENUM_CONVERSION = YES;
				CLANG_WARN_INFINITE_RECURSION = YES;
				CLANG_WARN_INT_CONVERSION = YES;
				CLANG_WARN_NON_LITERAL_NULL_CONVERSION = YES;
				CLANG_WARN_OBJC_IMPLICIT_RETAIN_SELF = YES;
				CLANG_WARN_OBJC_LITERAL_CONVERSION = YES;
				CLANG_WARN_OBJC_ROOT_CLASS = YES_ERROR;
				CLANG_WARN_QUOTED_INCLUDE_IN_FRAMEWORK_HEADER = YES;
				CLANG_WARN_RANGE_LOOP_ANALYSIS = YES;
				CLANG_WARN_STRICT_PROTOTYPES = YES;
				CLANG_WARN_SUSPICIOUS_MOVE = YES;
				CLANG_WARN_UNGUARDED_AVAILABILITY = YES_AGGRESSIVE;
				CLANG_WARN_UNREACHABLE_CODE = YES;
				CLANG_WARN__DUPLICATE_METHOD_MATCH = YES;
				COPY_PHASE_STRIP = NO;
				DEBUG_INFORMATION_FORMAT = "dwarf-with-dsym";
				ENABLE_NS_ASSERTIONS = NO;
				ENABLE_STRICT_OBJC_MSGSEND = YES;
				GCC_C_LANGUAGE_STANDARD = gnu11;
				GCC_NO_COMMON_BLOCKS = YES;
				GCC_WARN_64_TO_32_BIT_CONVERSION = YES;
				GCC_WARN_ABOUT_RETURN_TYPE = YES_ERROR;
				GCC_WARN_UNDECLARED_SELECTOR = YES;
				GCC_WARN_UNINITIALIZED_AUTOS = YES_AGGRESSIVE;
				GCC_WARN_UNUSED_FUNCTION = YES;
				GCC_WARN_UNUSED_VARIABLE = YES;
				IPHONEOS_DEPLOYMENT_TARGET = 14.0;
				MTL_ENABLE_DEBUG_INFO = NO;
				MTL_FAST_MATH = YES;
				SDKROOT = iphoneos;
				SWIFT_COMPILATION_MODE = wholemodule;
				SWIFT_OPTIMIZATION_LEVEL = "-O";
				VALIDATE_PRODUCT = YES;
			};
			name = Release;
		};
		2AA7B2382819425E00FA1E83 /* Debug */ = {
			isa = XCBuildConfiguration;
			buildSettings = {
				ASSETCATALOG_COMPILER_APPICON_NAME = AppIcon;
				ASSETCATALOG_COMPILER_GLOBAL_ACCENT_COLOR_NAME = AccentColor;
				CODE_SIGN_STYLE = Automatic;
				CURRENT_PROJECT_VERSION = 1;
				DEVELOPMENT_ASSET_PATHS = "\"TodoList/Preview Content\"";
				DEVELOPMENT_TEAM = XDA5MU3FT7;
				ENABLE_PREVIEWS = YES;
				GENERATE_INFOPLIST_FILE = YES;
				INFOPLIST_KEY_UIApplicationSceneManifest_Generation = YES;
				INFOPLIST_KEY_UIApplicationSupportsIndirectInputEvents = YES;
				INFOPLIST_KEY_UILaunchScreen_Generation = YES;
				INFOPLIST_KEY_UILaunchStoryboardName = "Launch Screen";
				INFOPLIST_KEY_UISupportedInterfaceOrientations_iPad = "UIInterfaceOrientationPortrait UIInterfaceOrientationPortraitUpsideDown UIInterfaceOrientationLandscapeLeft UIInterfaceOrientationLandscapeRight";
				INFOPLIST_KEY_UISupportedInterfaceOrientations_iPhone = "UIInterfaceOrientationPortrait UIInterfaceOrientationLandscapeLeft UIInterfaceOrientationLandscapeRight";
				LD_RUNPATH_SEARCH_PATHS = (
					"$(inherited)",
					"@executable_path/Frameworks",
				);
				MARKETING_VERSION = 1.0;
				PRODUCT_BUNDLE_IDENTIFIER = com.ratheesh.TodoList;
				PRODUCT_NAME = TodoList;
				SWIFT_EMIT_LOC_STRINGS = YES;
				SWIFT_VERSION = 5.0;
				TARGETED_DEVICE_FAMILY = "1,2";
			};
			name = Debug;
		};
		2AA7B2392819425E00FA1E83 /* Release */ = {
			isa = XCBuildConfiguration;
			buildSettings = {
				ASSETCATALOG_COMPILER_APPICON_NAME = AppIcon;
				ASSETCATALOG_COMPILER_GLOBAL_ACCENT_COLOR_NAME = AccentColor;
				CODE_SIGN_STYLE = Automatic;
				CURRENT_PROJECT_VERSION = 1;
				DEVELOPMENT_ASSET_PATHS = "\"TodoList/Preview Content\"";
				DEVELOPMENT_TEAM = XDA5MU3FT7;
				ENABLE_PREVIEWS = YES;
				GENERATE_INFOPLIST_FILE = YES;
				INFOPLIST_KEY_UIApplicationSceneManifest_Generation = YES;
				INFOPLIST_KEY_UIApplicationSupportsIndirectInputEvents = YES;
				INFOPLIST_KEY_UILaunchScreen_Generation = YES;
				INFOPLIST_KEY_UILaunchStoryboardName = "Launch Screen";
				INFOPLIST_KEY_UISupportedInterfaceOrientations_iPad = "UIInterfaceOrientationPortrait UIInterfaceOrientationPortraitUpsideDown UIInterfaceOrientationLandscapeLeft UIInterfaceOrientationLandscapeRight";
				INFOPLIST_KEY_UISupportedInterfaceOrientations_iPhone = "UIInterfaceOrientationPortrait UIInterfaceOrientationLandscapeLeft UIInterfaceOrientationLandscapeRight";
				LD_RUNPATH_SEARCH_PATHS = (
					"$(inherited)",
					"@executable_path/Frameworks",
				);
				MARKETING_VERSION = 1.0;
				PRODUCT_BUNDLE_IDENTIFIER = com.ratheesh.TodoList;
				PRODUCT_NAME = TodoList;
				SWIFT_EMIT_LOC_STRINGS = YES;
				SWIFT_VERSION = 5.0;
				TARGETED_DEVICE_FAMILY = "1,2";
			};
			name = Release;
		};
		2AA7B23B2819425E00FA1E83 /* Debug */ = {
			isa = XCBuildConfiguration;
			buildSettings = {
				ALWAYS_EMBED_SWIFT_STANDARD_LIBRARIES = YES;
				BUNDLE_LOADER = "$(TEST_HOST)";
				CODE_SIGN_STYLE = Automatic;
				CURRENT_PROJECT_VERSION = 1;
				GENERATE_INFOPLIST_FILE = YES;
				IPHONEOS_DEPLOYMENT_TARGET = 15.2;
				MARKETING_VERSION = 1.0;
				PRODUCT_BUNDLE_IDENTIFIER = com.ratheesh.TodoListTests;
				PRODUCT_NAME = "$(TARGET_NAME)";
				SWIFT_EMIT_LOC_STRINGS = NO;
				SWIFT_VERSION = 5.0;
				TARGETED_DEVICE_FAMILY = "1,2";
				TEST_HOST = "$(BUILT_PRODUCTS_DIR)/TodoList.app/TodoList";
			};
			name = Debug;
		};
		2AA7B23C2819425E00FA1E83 /* Release */ = {
			isa = XCBuildConfiguration;
			buildSettings = {
				ALWAYS_EMBED_SWIFT_STANDARD_LIBRARIES = YES;
				BUNDLE_LOADER = "$(TEST_HOST)";
				CODE_SIGN_STYLE = Automatic;
				CURRENT_PROJECT_VERSION = 1;
				GENERATE_INFOPLIST_FILE = YES;
				IPHONEOS_DEPLOYMENT_TARGET = 15.2;
				MARKETING_VERSION = 1.0;
				PRODUCT_BUNDLE_IDENTIFIER = com.ratheesh.TodoListTests;
				PRODUCT_NAME = "$(TARGET_NAME)";
				SWIFT_EMIT_LOC_STRINGS = NO;
				SWIFT_VERSION = 5.0;
				TARGETED_DEVICE_FAMILY = "1,2";
				TEST_HOST = "$(BUILT_PRODUCTS_DIR)/TodoList.app/TodoList";
			};
			name = Release;
		};
		2AA7B23E2819425E00FA1E83 /* Debug */ = {
			isa = XCBuildConfiguration;
			buildSettings = {
				ALWAYS_EMBED_SWIFT_STANDARD_LIBRARIES = YES;
				CODE_SIGN_STYLE = Automatic;
				CURRENT_PROJECT_VERSION = 1;
				GENERATE_INFOPLIST_FILE = YES;
				MARKETING_VERSION = 1.0;
				PRODUCT_BUNDLE_IDENTIFIER = com.ratheesh.TodoListUITests;
				PRODUCT_NAME = "$(TARGET_NAME)";
				SWIFT_EMIT_LOC_STRINGS = NO;
				SWIFT_VERSION = 5.0;
				TARGETED_DEVICE_FAMILY = "1,2";
				TEST_TARGET_NAME = TodoList;
			};
			name = Debug;
		};
		2AA7B23F2819425E00FA1E83 /* Release */ = {
			isa = XCBuildConfiguration;
			buildSettings = {
				ALWAYS_EMBED_SWIFT_STANDARD_LIBRARIES = YES;
				CODE_SIGN_STYLE = Automatic;
				CURRENT_PROJECT_VERSION = 1;
				GENERATE_INFOPLIST_FILE = YES;
				MARKETING_VERSION = 1.0;
				PRODUCT_BUNDLE_IDENTIFIER = com.ratheesh.TodoListUITests;
				PRODUCT_NAME = "$(TARGET_NAME)";
				SWIFT_EMIT_LOC_STRINGS = NO;
				SWIFT_VERSION = 5.0;
				TARGETED_DEVICE_FAMILY = "1,2";
				TEST_TARGET_NAME = TodoList;
			};
			name = Release;
		};
/* End XCBuildConfiguration section */

/* Begin XCConfigurationList section */
		2AA7B20E2819425C00FA1E83 /* Build configuration list for PBXProject "TodoList" */ = {
			isa = XCConfigurationList;
			buildConfigurations = (
				2AA7B2352819425E00FA1E83 /* Debug */,
				2AA7B2362819425E00FA1E83 /* Release */,
			);
			defaultConfigurationIsVisible = 0;
			defaultConfigurationName = Release;
		};
		2AA7B2372819425E00FA1E83 /* Build configuration list for PBXNativeTarget "TodoList" */ = {
			isa = XCConfigurationList;
			buildConfigurations = (
				2AA7B2382819425E00FA1E83 /* Debug */,
				2AA7B2392819425E00FA1E83 /* Release */,
			);
			defaultConfigurationIsVisible = 0;
			defaultConfigurationName = Release;
		};
		2AA7B23A2819425E00FA1E83 /* Build configuration list for PBXNativeTarget "TodoListTests" */ = {
			isa = XCConfigurationList;
			buildConfigurations = (
				2AA7B23B2819425E00FA1E83 /* Debug */,
				2AA7B23C2819425E00FA1E83 /* Release */,
			);
			defaultConfigurationIsVisible = 0;
			defaultConfigurationName = Release;
		};
		2AA7B23D2819425E00FA1E83 /* Build configuration list for PBXNativeTarget "TodoListUITests" */ = {
			isa = XCConfigurationList;
			buildConfigurations = (
				2AA7B23E2819425E00FA1E83 /* Debug */,
				2AA7B23F2819425E00FA1E83 /* Release */,
			);
			defaultConfigurationIsVisible = 0;
			defaultConfigurationName = Release;
		};
/* End XCConfigurationList section */
	};
	rootObject = 2AA7B20B2819425C00FA1E83 /* Project object */;
}
